# @generated - this file is auto-generated by `mise lock` https://mise.en.dev/dev-tools/mise-lock.html

[[tools.actionlint]]
version = "1.7.12"
backend = "aqua:rhysd/actionlint"

[tools.actionlint."platforms.linux-arm64"]
checksum = "sha256:325e971b6ba9bfa504672e29be93c24981eeb1c07576d730e9f7c8805afff0c6"
url = "https://github.com/rhysd/actionlint/releases/download/v1.7.12/actionlint_1.7.12_linux_arm64.tar.gz"
provenance = "github-attestations"

[tools.actionlint."platforms.linux-arm64-musl"]
checksum = "sha256:325e971b6ba9bfa504672e29be93c24981eeb1c07576d730e9f7c8805afff0c6"
url = "https://github.com/rhysd/actionlint/releases/download/v1.7.12/actionlint_1.7.12_linux_arm64.tar.gz"
provenance = "github-attestations"

[tools.actionlint."platforms.linux-x64"]
checksum = "sha256:8aca8db96f1b94770f1b0d72b6dddcb1ebb8123cb3712530b08cc387b349a3d8"
url = "https://github.com/rhysd/actionlint/releases/download/v1.7.12/actionlint_1.7.12_linux_amd64.tar.gz"
provenance = "github-attestations"

[tools.actionlint."platforms.linux-x64-musl"]
checksum = "sha256:8aca8db96f1b94770f1b0d72b6dddcb1ebb8123cb3712530b08cc387b349a3d8"
url = "https://github.com/rhysd/actionlint/releases/download/v1.7.12/actionlint_1.7.12_linux_amd64.tar.gz"
provenance = "github-attestations"

[tools.actionlint."platforms.macos-arm64"]
checksum = "sha256:aba9ced2dee8d27fecca3dc7feb1a7f9a52caefa1eb46f3271ea66b6e0e6953f"
url = "https://github.com/rhysd/actionlint/releases/download/v1.7.12/actionlint_1.7.12_darwin_arm64.tar.gz"
provenance = "github-attestations"

[tools.actionlint."platforms.macos-x64"]
checksum = "sha256:5b44c3bc2255115c9b69e30efc0fecdf498fdb63c5d58e17084fd5f16324c644"
url = "https://github.com/rhysd/actionlint/releases/download/v1.7.12/actionlint_1.7.12_darwin_amd64.tar.gz"
provenance = "github-attestations"

[tools.actionlint."platforms.windows-x64"]
checksum = "sha256:6e7241b51e6817ea6a047693d8e6fed13b31819c9a0dd6c5a726e1592d22f6e9"
url = "https://github.com/rhysd/actionlint/releases/download/v1.7.12/actionlint_1.7.12_windows_amd64.zip"
provenance = "github-attestations"

[[tools.editorconfig-checker]]
version = "3.7.0"
backend = "aqua:editorconfig-checker/editorconfig-checker"

[tools.editorconfig-checker."platforms.linux-arm64"]
checksum = "sha256:e978f3f0940469989930311af8e101dd9ce8c2ee4da69264f3d76a3787e961ad"
url = "https://github.com/editorconfig-checker/editorconfig-checker/releases/download/v3.7.0/ec-linux-arm64.tar.gz"

[tools.editorconfig-checker."platforms.linux-arm64-musl"]
checksum = "sha256:e978f3f0940469989930311af8e101dd9ce8c2ee4da69264f3d76a3787e961ad"
url = "https://github.com/editorconfig-checker/editorconfig-checker/releases/download/v3.7.0/ec-linux-arm64.tar.gz"

[tools.editorconfig-checker."platforms.linux-x64"]
checksum = "sha256:9a0c3a5170bffa24f9e5f0def53d285777b6c5284a95367f40d399d0b76af552"
url = "https://github.com/editorconfig-checker/editorconfig-checker/releases/download/v3.7.0/ec-linux-amd64.tar.gz"

[tools.editorconfig-checker."platforms.linux-x64-musl"]
checksum = "sha256:9a0c3a5170bffa24f9e5f0def53d285777b6c5284a95367f40d399d0b76af552"
url = "https://github.com/editorconfig-checker/editorconfig-checker/releases/download/v3.7.0/ec-linux-amd64.tar.gz"

[tools.editorconfig-checker."platforms.macos-arm64"]
checksum = "sha256:727e6ef506c6fbe7719cc29c69b495715b64514a00059f3f179077bfad0580e5"
url = "https://github.com/editorconfig-checker/editorconfig-checker/releases/download/v3.7.0/ec-darwin-arm64.tar.gz"

[tools.editorconfig-checker."platforms.macos-x64"]
checksum = "sha256:6cd2e4aa2a374d391e3baeaae43fc28906fd15b09490f5669eee206a63eef00a"
url = "https://github.com/editorconfig-checker/editorconfig-checker/releases/download/v3.7.0/ec-darwin-amd64.tar.gz"

[tools.editorconfig-checker."platforms.windows-x64"]
checksum = "sha256:9c6b8a4cd7ccc5826ab96d34c460f37ab18b9cb50607d3ee9eb743fc47335da7"
url = "https://github.com/editorconfig-checker/editorconfig-checker/releases/download/v3.7.0/ec-windows-amd64.zip"

[[tools.fnox]]
version = "1.27.1"
backend = "github:jdx/fnox"

[tools.fnox."platforms.linux-arm64"]
checksum = "sha256:5f18410dd9a777386d9dbdd4029e13436195dcfaa55f594a99ff6a4bc1b3ca03"
url = "https://github.com/jdx/fnox/releases/download/v1.27.1/fnox-aarch64-unknown-linux-gnu.tar.gz"
url_api = "https://api.github.com/repos/jdx/fnox/releases/assets/450745507"
provenance = "github-attestations"

[tools.fnox."platforms.linux-arm64-musl"]
checksum = "sha256:b9307bc65ae2c4b2178175876034b3ad04a7fded5aea89818141a7b05e6c43aa"
url = "https://github.com/jdx/fnox/releases/download/v1.27.1/fnox-aarch64-unknown-linux-musl.tar.gz"
url_api = "https://api.github.com/repos/jdx/fnox/releases/assets/450745503"
provenance = "github-attestations"

[tools.fnox."platforms.linux-x64"]
checksum = "sha256:fe272bebbb0825ba1df0c7502054979815fae8251b4a90c61c28cd13d64887bf"
url = "https://github.com/jdx/fnox/releases/download/v1.27.1/fnox-x86_64-unknown-linux-gnu.tar.gz"
url_api = "https://api.github.com/repos/jdx/fnox/releases/assets/450745538"
provenance = "github-attestations"

[tools.fnox."platforms.linux-x64-musl"]
checksum = "sha256:5d5ba5f6779c398b4fb23b06fc82c303fcc281f56bc0ed849f23403acaa0e413"
url = "https://github.com/jdx/fnox/releases/download/v1.27.1/fnox-x86_64-unknown-linux-musl.tar.gz"
url_api = "https://api.github.com/repos/jdx/fnox/releases/assets/450745537"
provenance = "github-attestations"

[tools.fnox."platforms.macos-arm64"]
checksum = "sha256:0f82d0346872bc98843c8428bfd05e72ca9f8ac9eb699be4549e7a21d2cf0a7f"
url = "https://github.com/jdx/fnox/releases/download/v1.27.1/fnox-aarch64-apple-darwin.tar.gz"
url_api = "https://api.github.com/repos/jdx/fnox/releases/assets/450745511"
provenance = "github-attestations"

[tools.fnox."platforms.macos-x64"]
checksum = "sha256:7aafc5e8fea5dea4471f2a92abc6d8211f5b1f8fcbdbfac611ea6a52101483e1"
url = "https://github.com/jdx/fnox/releases/download/v1.27.1/fnox-x86_64-apple-darwin.tar.gz"
url_api = "https://api.github.com/repos/jdx/fnox/releases/assets/450745508"
provenance = "github-attestations"

[tools.fnox."platforms.windows-x64"]
checksum = "sha256:6373ee5457e8c36941f688aeff9ac630923c588fd78faff14e0548a1d1dbd89a"
url = "https://github.com/jdx/fnox/releases/download/v1.27.1/fnox-x86_64-pc-windows-msvc.zip"
url_api = "https://api.github.com/repos/jdx/fnox/releases/assets/450745535"
provenance = "github-attestations"

[[tools."github:sbdchd/squawk"]]
version = "2.58.0"
backend = "github:sbdchd/squawk"

[tools."github:sbdchd/squawk"."platforms.linux-arm64"]
checksum = "sha256:4e2eadb12867e197ded867a6bc37f5e6ea33890773d5cf815c7049202ef5ec51"
url = "https://github.com/sbdchd/squawk/releases/download/v2.58.0/squawk-linux-arm64"
url_api = "https://api.github.com/repos/sbdchd/squawk/releases/assets/446948055"

[tools."github:sbdchd/squawk"."platforms.linux-arm64-musl"]
checksum = "sha256:ac2fdac38b2b2866a62a6bf1e44874d68db56b65b3f68cbf6c6fc1e9d33d7a32"
url = "https://github.com/sbdchd/squawk/releases/download/v2.58.0/squawk-linux-musl-arm64"
url_api = "https://api.github.com/repos/sbdchd/squawk/releases/assets/446947780"

[tools."github:sbdchd/squawk"."platforms.linux-x64"]
checksum = "sha256:7846d6e099fd5151bdd2f97b2e3db53222a7ba42c657e46de67d7ead18bfdd10"
url = "https://github.com/sbdchd/squawk/releases/download/v2.58.0/squawk-linux-x64"
url_api = "https://api.github.com/repos/sbdchd/squawk/releases/assets/446946728"

[tools."github:sbdchd/squawk"."platforms.linux-x64-musl"]
checksum = "sha256:3b939f32257be4fedbc422dbd71303605191514dd4ffda8df5bac107968b50f0"
url = "https://github.com/sbdchd/squawk/releases/download/v2.58.0/squawk-linux-musl-x64"
url_api = "https://api.github.com/repos/sbdchd/squawk/releases/assets/446947611"

[tools."github:sbdchd/squawk"."platforms.macos-arm64"]
checksum = "sha256:98ea6805fa220ccf4ba2ad79958f255f903ac672b798f407ec0ac3695f5d1280"
url = "https://github.com/sbdchd/squawk/releases/download/v2.58.0/squawk-darwin-arm64"
url_api = "https://api.github.com/repos/sbdchd/squawk/releases/assets/446946622"

[tools."github:sbdchd/squawk"."platforms.macos-x64"]
checksum = "sha256:bd3c099fccd0ce9514000c6d59bb641b1e4df98aa0b129811b659c53b701acaa"
url = "https://github.com/sbdchd/squawk/releases/download/v2.58.0/squawk-darwin-x64"
url_api = "https://api.github.com/repos/sbdchd/squawk/releases/assets/446946723"

[tools."github:sbdchd/squawk"."platforms.windows-x64"]
checksum = "sha256:8a6fb97a6048724453d52c0df16a49f7fc3f4ef8d31ec29e92cd0ad9ec398d9d"
url = "https://github.com/sbdchd/squawk/releases/download/v2.58.0/squawk-windows-x64.exe"
url_api = "https://api.github.com/repos/sbdchd/squawk/releases/assets/446947588"

[[tools.gitleaks]]
version = "8.30.1"
backend = "aqua:gitleaks/gitleaks"

[tools.gitleaks."platforms.linux-arm64"]
checksum = "sha256:e4a487ee7ccd7d3a7f7ec08657610aa3606637dab924210b3aee62570fb4b080"
url = "https://github.com/gitleaks/gitleaks/releases/download/v8.30.1/gitleaks_8.30.1_linux_arm64.tar.gz"

[tools.gitleaks."platforms.linux-arm64-musl"]
checksum = "sha256:e4a487ee7ccd7d3a7f7ec08657610aa3606637dab924210b3aee62570fb4b080"
url = "https://github.com/gitleaks/gitleaks/releases/download/v8.30.1/gitleaks_8.30.1_linux_arm64.tar.gz"

[tools.gitleaks."platforms.linux-x64"]
checksum = "sha256:551f6fc83ea457d62a0d98237cbad105af8d557003051f41f3e7ca7b3f2470eb"
url = "https://github.com/gitleaks/gitleaks/releases/download/v8.30.1/gitleaks_8.30.1_linux_x64.tar.gz"

[tools.gitleaks."platforms.linux-x64-musl"]
checksum = "sha256:551f6fc83ea457d62a0d98237cbad105af8d557003051f41f3e7ca7b3f2470eb"
url = "https://github.com/gitleaks/gitleaks/releases/download/v8.30.1/gitleaks_8.30.1_linux_x64.tar.gz"

[tools.gitleaks."platforms.macos-arm64"]
checksum = "sha256:b40ab0ae55c505963e365f271a8d3846efbc170aa17f2607f13df610a9aeb6a5"
url = "https://github.com/gitleaks/gitleaks/releases/download/v8.30.1/gitleaks_8.30.1_darwin_arm64.tar.gz"

[tools.gitleaks."platforms.macos-x64"]
checksum = "sha256:dfe101a4db2255fc85120ac7f3d25e4342c3c20cf749f2c20a18081af1952709"
url = "https://github.com/gitleaks/gitleaks/releases/download/v8.30.1/gitleaks_8.30.1_darwin_x64.tar.gz"

[tools.gitleaks."platforms.windows-x64"]
checksum = "sha256:d29144deff3a68aa93ced33dddf84b7fdc26070add4aa0f4513094c8332afc4e"
url = "https://github.com/gitleaks/gitleaks/releases/download/v8.30.1/gitleaks_8.30.1_windows_x64.zip"

[[tools.java]]
version = "temurin-21.0.11+10.0.LTS"
backend = "core:java"

[tools.java."platforms.linux-arm64"]
checksum = "sha256:8d498ec88e1c1989fab95c6784240ab92d011e29c54d20a3f9c324b13476f9ad"
url = "https://github.com/adoptium/temurin21-binaries/releases/download/jdk-21.0.11%2B10/OpenJDK21U-jdk_aarch64_linux_hotspot_21.0.11_10.tar.gz"

[tools.java."platforms.linux-arm64-musl"]
checksum = "sha256:c8d63598d1dc0a656033515ed258bd6db37506a05407d9f65cd23b95c21027b5"
url = "https://github.com/adoptium/temurin21-binaries/releases/download/jdk-21.0.11%2B10/OpenJDK21U-jdk_aarch64_alpine-linux_hotspot_21.0.11_10.tar.gz"

[tools.java."platforms.linux-x64"]
checksum = "sha256:4b2220e232a97997b436ca6ab15cbf70171ecff52958a46159dfa5a8c44ca4de"
url = "https://github.com/adoptium/temurin21-binaries/releases/download/jdk-21.0.11%2B10/OpenJDK21U-jdk_x64_linux_hotspot_21.0.11_10.tar.gz"

[tools.java."platforms.linux-x64-musl"]
checksum = "sha256:38bfdcef1e4b45de2ec222047ac79c76bea75d4d7406a310e26cfa236763f05f"
url = "https://github.com/adoptium/temurin21-binaries/releases/download/jdk-21.0.11%2B10/OpenJDK21U-jdk_x64_alpine-linux_hotspot_21.0.11_10.tar.gz"

[tools.java."platforms.macos-arm64"]
checksum = "sha256:6ebcf221c9b41507b14c098e93c6ead6440b8d9bd154f8ec666c4c73abbdb201"
url = "https://github.com/adoptium/temurin21-binaries/releases/download/jdk-21.0.11%2B10/OpenJDK21U-jdk_aarch64_mac_hotspot_21.0.11_10.tar.gz"

[tools.java."platforms.macos-x64"]
checksum = "sha256:34180eb03e6d207c388cce3da668f6cc7cd7508c185c24782fadac2c9c0e66f9"
url = "https://github.com/adoptium/temurin21-binaries/releases/download/jdk-21.0.11%2B10/OpenJDK21U-jdk_x64_mac_hotspot_21.0.11_10.tar.gz"

[tools.java."platforms.windows-x64"]
checksum = "sha256:d3625e7cadf23787ea540229544b6e2ab494b3b54da1801879e583e1dfee0a64"
url = "https://github.com/adoptium/temurin21-binaries/releases/download/jdk-21.0.11%2B10/OpenJDK21U-jdk_x64_windows_hotspot_21.0.11_10.zip"

[[tools.lefthook]]
version = "2.1.9"
backend = "aqua:evilmartians/lefthook"

[tools.lefthook."platforms.linux-arm64"]
checksum = "sha256:d1bae1c9c26b35270dd675c93c33cecead885368ed078b3976ec23cdcedd28e8"
url = "https://github.com/evilmartians/lefthook/releases/download/v2.1.9/lefthook_2.1.9_Linux_aarch64.gz"
provenance = "github-attestations"

[tools.lefthook."platforms.linux-arm64-musl"]
checksum = "sha256:d1bae1c9c26b35270dd675c93c33cecead885368ed078b3976ec23cdcedd28e8"
url = "https://github.com/evilmartians/lefthook/releases/download/v2.1.9/lefthook_2.1.9_Linux_aarch64.gz"
provenance = "github-attestations"

[tools.lefthook."platforms.linux-x64"]
checksum = "sha256:e938f34bd05bafe1155888879a045ef4ee8cf5b4a56c9e5e9b0c2649f295636e"
url = "https://github.com/evilmartians/lefthook/releases/download/v2.1.9/lefthook_2.1.9_Linux_x86_64.gz"
provenance = "github-attestations"

[tools.lefthook."platforms.linux-x64-musl"]
checksum = "sha256:e938f34bd05bafe1155888879a045ef4ee8cf5b4a56c9e5e9b0c2649f295636e"
url = "https://github.com/evilmartians/lefthook/releases/download/v2.1.9/lefthook_2.1.9_Linux_x86_64.gz"
provenance = "github-attestations"

[tools.lefthook."platforms.macos-arm64"]
checksum = "sha256:808f8ef81a61e01eb41c1a2951e5639804f2372dc6a484bbeff726406745c77f"
url = "https://github.com/evilmartians/lefthook/releases/download/v2.1.9/lefthook_2.1.9_MacOS_arm64.gz"
provenance = "github-attestations"

[tools.lefthook."platforms.macos-x64"]
checksum = "sha256:371c3c75cb07a8cdf41295596d3981adc1f92dee7795001f7d471e1f36fe2a0e"
url = "https://github.com/evilmartians/lefthook/releases/download/v2.1.9/lefthook_2.1.9_MacOS_x86_64.gz"
provenance = "github-attestations"

[tools.lefthook."platforms.windows-x64"]
checksum = "sha256:1f29681dfbc36b9bdde52139cca6c4668ea4d51fd81e9127a3b78f49369db67e"
url = "https://github.com/evilmartians/lefthook/releases/download/v2.1.9/lefthook_2.1.9_Windows_x86_64.gz"
provenance = "github-attestations"

[[tools."pipx:sqlfluff"]]
version = "4.2.2"
backend = "pipx:sqlfluff"

[[tools.terraform]]
version = "1.15.6"
backend = "aqua:hashicorp/terraform"

[tools.terraform."platforms.linux-arm64"]
checksum = "sha256:404c9cfa43728d31005f6e7a848b8a7cc701320067d9d87d8850031a5beb37b0"
url = "https://releases.hashicorp.com/terraform/1.15.6/terraform_1.15.6_linux_arm64.zip"

[tools.terraform."platforms.linux-arm64-musl"]
checksum = "sha256:404c9cfa43728d31005f6e7a848b8a7cc701320067d9d87d8850031a5beb37b0"
url = "https://releases.hashicorp.com/terraform/1.15.6/terraform_1.15.6_linux_arm64.zip"

[tools.terraform."platforms.linux-x64"]
checksum = "sha256:a7150d3b0e1b5c466ad42e8c499954a3c54645f8b56b385fa025d34f7e88faa9"
url = "https://releases.hashicorp.com/terraform/1.15.6/terraform_1.15.6_linux_amd64.zip"

[tools.terraform."platforms.linux-x64-musl"]
checksum = "sha256:a7150d3b0e1b5c466ad42e8c499954a3c54645f8b56b385fa025d34f7e88faa9"
url = "https://releases.hashicorp.com/terraform/1.15.6/terraform_1.15.6_linux_amd64.zip"

[tools.terraform."platforms.macos-arm64"]
checksum = "sha256:8d4c6791a744332bc7ca3962c61ab2ed8e5d25a7299f176f5edffb9cb525e85f"
url = "https://releases.hashicorp.com/terraform/1.15.6/terraform_1.15.6_darwin_arm64.zip"

[tools.terraform."platforms.macos-x64"]
checksum = "sha256:ec7e3c2d314b5b0c975b6f7f8c6094d1806cb98f64f79e6f971cc87f786eb6e0"
url = "https://releases.hashicorp.com/terraform/1.15.6/terraform_1.15.6_darwin_amd64.zip"

[tools.terraform."platforms.windows-x64"]
checksum = "sha256:56b4d3a157e346f8fc1e94254d0a944e6fec81f58ddd43eb274b8e0ebb56e334"
url = "https://releases.hashicorp.com/terraform/1.15.6/terraform_1.15.6_windows_amd64.zip"

[[tools.tflint]]
version = "0.63.1"
backend = "aqua:terraform-linters/tflint"

[tools.tflint."platforms.linux-arm64"]
checksum = "sha256:6d858ca7f11858c3fe3c5e29cc746823abccb55e2d2e2da130fa7ad7ea4eecb8"
url = "https://github.com/terraform-linters/tflint/releases/download/v0.63.1/tflint_linux_arm64.zip"

[tools.tflint."platforms.linux-arm64-musl"]
checksum = "sha256:6d858ca7f11858c3fe3c5e29cc746823abccb55e2d2e2da130fa7ad7ea4eecb8"
url = "https://github.com/terraform-linters/tflint/releases/download/v0.63.1/tflint_linux_arm64.zip"

[tools.tflint."platforms.linux-x64"]
checksum = "sha256:8441a7d97df20431f19c9b9d27ff4c63e308c964e86660bc7cc0cf7bbe0725e8"
url = "https://github.com/terraform-linters/tflint/releases/download/v0.63.1/tflint_linux_amd64.zip"

[tools.tflint."platforms.linux-x64-musl"]
checksum = "sha256:8441a7d97df20431f19c9b9d27ff4c63e308c964e86660bc7cc0cf7bbe0725e8"
url = "https://github.com/terraform-linters/tflint/releases/download/v0.63.1/tflint_linux_amd64.zip"

[tools.tflint."platforms.macos-arm64"]
checksum = "sha256:6aab157b22367dcab1635b370e98d6e791d9b40b021d4f9baef010d88f53e16b"
url = "https://github.com/terraform-linters/tflint/releases/download/v0.63.1/tflint_darwin_arm64.zip"

[tools.tflint."platforms.macos-x64"]
checksum = "sha256:1a22782473e4a01f0dd23edc649bed4420655a9e3459ffc06951e698eed7ad01"
url = "https://github.com/terraform-linters/tflint/releases/download/v0.63.1/tflint_darwin_amd64.zip"

[tools.tflint."platforms.windows-x64"]
checksum = "sha256:5fbfb643b83c4ad489bde15a0e0d46e53dc9aa8dfa76d25da3c4bd2698a41a19"
url = "https://github.com/terraform-linters/tflint/releases/download/v0.63.1/tflint_windows_amd64.zip"

[[tools.uv]]
version = "0.11.24"
backend = "aqua:astral-sh/uv"

[tools.uv."platforms.linux-arm64"]
checksum = "sha256:222fcd9878ed6f5a8565d121d1a10e1f958e3c7b42e4ec5cbc6927b2be20cc1a"
url = "https://github.com/astral-sh/uv/releases/download/0.11.24/uv-aarch64-unknown-linux-musl.tar.gz"
provenance = "github-attestations"

[tools.uv."platforms.linux-arm64-musl"]
checksum = "sha256:222fcd9878ed6f5a8565d121d1a10e1f958e3c7b42e4ec5cbc6927b2be20cc1a"
url = "https://github.com/astral-sh/uv/releases/download/0.11.24/uv-aarch64-unknown-linux-musl.tar.gz"
provenance = "github-attestations"

[tools.uv."platforms.linux-x64"]
checksum = "sha256:2f9eaa976cf8ad8574623dde6916fb87ec047524fe65b99dc11e44e33eae4bfb"
url = "https://github.com/astral-sh/uv/releases/download/0.11.24/uv-x86_64-unknown-linux-musl.tar.gz"
provenance = "github-attestations"

[tools.uv."platforms.linux-x64-musl"]
checksum = "sha256:2f9eaa976cf8ad8574623dde6916fb87ec047524fe65b99dc11e44e33eae4bfb"
url = "https://github.com/astral-sh/uv/releases/download/0.11.24/uv-x86_64-unknown-linux-musl.tar.gz"
provenance = "github-attestations"

[tools.uv."platforms.macos-arm64"]
checksum = "sha256:7578c6087c5cd76981732b1f5d126248101faebdf81016ba780a65ce03653cdf"
url = "https://github.com/astral-sh/uv/releases/download/0.11.24/uv-aarch64-apple-darwin.tar.gz"
provenance = "github-attestations"

[tools.uv."platforms.macos-x64"]
checksum = "sha256:8e026ec796a2760c33c832298b0910bf07fb369d00cc075761c321923ac37522"
url = "https://github.com/astral-sh/uv/releases/download/0.11.24/uv-x86_64-apple-darwin.tar.gz"
provenance = "github-attestations"

[tools.uv."platforms.windows-x64"]
checksum = "sha256:af9573a2e36f7020b18ec5fdde20117aae74bbad3f4acb3dc3fc03319f1aa083"
url = "https://github.com/astral-sh/uv/releases/download/0.11.24/uv-x86_64-pc-windows-msvc.zip"
provenance = "github-attestations"

[[tools.zizmor]]
version = "1.26.1"
backend = "aqua:zizmorcore/zizmor"

[tools.zizmor."platforms.linux-arm64"]
checksum = "sha256:711f5af366b299128f9a04b1470e37d990b41fbd21f14a1a4148d25004a83762"
url = "https://github.com/zizmorcore/zizmor/releases/download/v1.26.1/zizmor-aarch64-unknown-linux-gnu.tar.gz"
provenance = "github-attestations"

[tools.zizmor."platforms.linux-arm64-musl"]
provenance = "github-attestations"

[tools.zizmor."platforms.linux-x64"]
checksum = "sha256:8556289a64e7aaf2400cd516f61a471aa91c5902cc56ad96a82fd12f90c2ef73"
url = "https://github.com/zizmorcore/zizmor/releases/download/v1.26.1/zizmor-x86_64-unknown-linux-gnu.tar.gz"
provenance = "github-attestations"

[tools.zizmor."platforms.linux-x64-musl"]
provenance = "github-attestations"

[tools.zizmor."platforms.macos-arm64"]
checksum = "sha256:68ab2b37836bbd44f6cfffcc102b9ffffbc20c5d67d84293dafb63bd2775a1da"
url = "https://github.com/zizmorcore/zizmor/releases/download/v1.26.1/zizmor-aarch64-apple-darwin.tar.gz"
provenance = "github-attestations"

[tools.zizmor."platforms.macos-x64"]
checksum = "sha256:2967414a561f8c1264121e8f723c3b5abcf3d1bf7ce5063114df99985dd75801"
url = "https://github.com/zizmorcore/zizmor/releases/download/v1.26.1/zizmor-x86_64-apple-darwin.tar.gz"
provenance = "github-attestations"

[tools.zizmor."platforms.windows-x64"]
checksum = "sha256:c6cea156935e3b9d36faeca4fd8f622d23f7a7578da26adb34e6456abd9beb9a"
url = "https://github.com/zizmorcore/zizmor/releases/download/v1.26.1/zizmor-x86_64-pc-windows-msvc.zip"
provenance = "github-attestations"
